Microsoft Visual Studio Solution File, Format Version 12.00
# Visual Studio Version 17
VisualStudioVersion = 17.5.2.0
MinimumVisualStudioVersion = 10.0.40219.1
Project("{2150E333-8FDC-42A3-9474-1A3956D46DE8}") = "app", "app", "{F95F473B-E98A-ACD6-1986-755F447BE36F}"
EndProject
Project("{2150E333-8FDC-42A3-9474-1A3956D46DE8}") = "win32", "win32", "{4644B075-0CF0-EA69-4AB2-F295A77140E0}"
EndProject
Project("{FAE04EC0-301F-11D3-BF4B-00C04F79EFBC}") = "ScaleFXStudio", "app\win32\ScaleFXStudio\ScaleFXStudio.csproj", "{628600AA-3A6C-818C-EFB5-4409D019EDAA}"
EndProject
Project("{FAE04EC0-301F-11D3-BF4B-00C04F79EFBC}") = "ScaleFXSerial", "app\win32\ScaleFXSerial\ScaleFXSerial.csproj", "{7B5F8C2E-D4A1-4F69-B827-3E9A1C5F6D04}"
EndProject
Global
	GlobalSection(SolutionConfigurationPlatforms) = preSolution
		Debug|Any CPU = Debug|Any CPU
		Release|Any CPU = Release|Any CPU
	EndGlobalSection
	GlobalSection(ProjectConfigurationPlatforms) = postSolution
		{628600AA-3A6C-818C-EFB5-4409D019EDAA}.Debug|Any CPU.ActiveCfg = Debug|Any CPU
		{628600AA-3A6C-818C-EFB5-4409D019EDAA}.Debug|Any CPU.Build.0 = Debug|Any CPU
		{628600AA-3A6C-818C-EFB5-4409D019EDAA}.Release|Any CPU.ActiveCfg = Release|Any CPU
		{628600AA-3A6C-818C-EFB5-4409D019EDAA}.Release|Any CPU.Build.0 = Release|Any CPU
		{7B5F8C2E-D4A1-4F69-B827-3E9A1C5F6D04}.Debug|Any CPU.ActiveCfg = Debug|Any CPU
		{7B5F8C2E-D4A1-4F69-B827-3E9A1C5F6D04}.Debug|Any CPU.Build.0 = Debug|Any CPU
		{7B5F8C2E-D4A1-4F69-B827-3E9A1C5F6D04}.Release|Any CPU.ActiveCfg = Release|Any CPU
		{7B5F8C2E-D4A1-4F69-B827-3E9A1C5F6D04}.Release|Any CPU.Build.0 = Release|Any CPU
	EndGlobalSection
	GlobalSection(SolutionProperties) = preSolution
		HideSolutionNode = FALSE
	EndGlobalSection
	GlobalSection(NestedProjects) = preSolution
		{4644B075-0CF0-EA69-4AB2-F295A77140E0} = {F95F473B-E98A-ACD6-1986-755F447BE36F}
		{628600AA-3A6C-818C-EFB5-4409D019EDAA} = {4644B075-0CF0-EA69-4AB2-F295A77140E0}
		{7B5F8C2E-D4A1-4F69-B827-3E9A1C5F6D04} = {4644B075-0CF0-EA69-4AB2-F295A77140E0}
	EndGlobalSection
	GlobalSection(ExtensibilityGlobals) = postSolution
		SolutionGuid = {0B515F85-AA8D-40BC-851E-2489953CBD36}
	EndGlobalSection
EndGlobal
